// !$*UTF8*$!
{
	archiveVersion = 1;
	classes = {
	};
	objectVersion = 46;
	objects = {

/* Begin PBXBuildFile section */
		063911D31CB4B1E30020625C /* main.m in Sources */ = {isa = PBXBuildFile; fileRef = 063911D21CB4B1E30020625C /* main.m */; };
		063911D61CB4B1E30020625C /* AppDelegate.m in Sources */ = {isa = PBXBuildFile; fileRef = 063911D51CB4B1E30020625C /* AppDelegate.m */; };
		063911D91CB4B1E30020625C /* ViewController.m in Sources */ = {isa = PBXBuildFile; fileRef = 063911D81CB4B1E30020625C /* ViewController.m */; };
		063911DE1CB4B1E30020625C /* Assets.xcassets in Resources */ = {isa = PBXBuildFile; fileRef = 063911DD1CB4B1E30020625C /* Assets.xcassets */; };
		063911E11CB4B1E30020625C /* LaunchScreen.storyboard in Resources */ = {isa = PBXBuildFile; fileRef = 063911DF1CB4B1E30020625C /* LaunchScreen.storyboard */; };
		063911EE1CB4E6800020625C /* DTTCountdownButton.m in Sources */ = {isa = PBXBuildFile; fileRef = 063911ED1CB4E6800020625C /* DTTCountdownButton.m */; };
/* End PBXBuildFile section */

/* Begin PBXFileReference section */
		063911CE1CB4B1E30020625C /* CountDownButtonDemo.app */ = {isa = PBXFileReference; explicitFileType = wrapper.application; includeInIndex = 0; path = CountDownButtonDemo.app; sourceTree = BUILT_PRODUCTS_DIR; };
		063911D21CB4B1E30020625C /* main.m */ = {isa = PBXFileReference; lastKnownFileType = sourcecode.c.objc; path = main.m; sourceTree = "<group>"; };
		063911D41CB4B1E30020625C /* AppDelegate.h */ = {isa = PBXFileReference; lastKnownFileType = sourcecode.c.h; path = AppDelegate.h; sourceTree = "<group>"; };
		063911D51CB4B1E30020625C /* AppDelegate.m */ = {isa = PBXFileReference; lastKnownFileType = sourcecode.c.objc; path = AppDelegate.m; sourceTree = "<group>"; };
		063911D71CB4B1E30020625C /* ViewController.h */ = {isa = PBXFileReference; lastKnownFileType = sourcecode.c.h; path = ViewController.h; sourceTree = "<group>"; };
		063911D81CB4B1E30020625C /* ViewController.m */ = {isa = PBXFileReference; lastKnownFileType = sourcecode.c.objc; path = ViewController.m; sourceTree = "<group>"; };
		063911DD1CB4B1E30020625C /* Assets.xcassets */ = {isa = PBXFileReference; lastKnownFileType = folder.assetcatalog; path = Assets.xcassets; sourceTree = "<group>"; };
		063911E01CB4B1E30020625C /* Base */ = {isa = PBXFileReference; lastKnownFileType = file.storyboard; name = Base; path = Base.lproj/LaunchScreen.storyboard; sourceTree = "<group>"; };
		063911E21CB4B1E30020625C /* Info.plist */ = {isa = PBXFileReference; lastKnownFileType = text.plist.xml; path = Info.plist; sourceTree = "<group>"; };
		063911EC1CB4E6800020625C /* DTTCountdownButton.h */ = {isa = PBXFileReference; fileEncoding = 4; lastKnownFileType = sourcecode.c.h; path = DTTCountdownButton.h; sourceTree = "<group>"; };
		063911ED1CB4E6800020625C /* DTTCountdownButton.m */ = {isa = PBXFileReference; fileEncoding = 4; lastKnownFileType = sourcecode.c.objc; path = DTTCountdownButton.m; sourceTree = "<group>"; };
/* End PBXFileReference section */

/* Begin PBXFrameworksBuildPhase section */
		063911CB1CB4B1E30020625C /* Frameworks */ = {
			isa = PBXFrameworksBuildPhase;
			buildActionMask = 2147483647;
			files = (
			);
			runOnlyForDeploymentPostprocessing = 0;
		};
/* End PBXFrameworksBuildPhase section */

/* Begin PBXGroup section */
		063911C51CB4B1E30020625C = {
			isa = PBXGroup;
			children = (
				063911D01CB4B1E30020625C /* CountDownButtonDemo */,
				063911CF1CB4B1E30020625C /* Products */,
			);
			sourceTree = "<group>";
		};
		063911CF1CB4B1E30020625C /* Products */ = {
			isa = PBXGroup;
			children = (
				063911CE1CB4B1E30020625C /* CountDownButtonDemo.app */,
			);
			name = Products;
			sourceTree = "<group>";
		};
		063911D01CB4B1E30020625C /* CountDownButtonDemo */ = {
			isa = PBXGroup;
			children = (
				063911EB1CB4E4080020625C /* DTTCountdownButton */,
				063911D41CB4B1E30020625C /* AppDelegate.h */,
				063911D51CB4B1E30020625C /* AppDelegate.m */,
				063911D71CB4B1E30020625C /* ViewController.h */,
				063911D81CB4B1E30020625C /* ViewController.m */,
				063911D11CB4B1E30020625C /* Supporting Files */,
			);
			path = CountDownButtonDemo;
			sourceTree = "<group>";
		};
		063911D11CB4B1E30020625C /* Supporting Files */ = {
			isa = PBXGroup;
			children = (
				063911DD1CB4B1E30020625C /* Assets.xcassets */,
				063911DF1CB4B1E30020625C /* LaunchScreen.storyboard */,
				063911E21CB4B1E30020625C /* Info.plist */,
				063911D21CB4B1E30020625C /* main.m */,
			);
			name = "Supporting Files";
			sourceTree = "<group>";
		};
		063911EB1CB4E4080020625C /* DTTCountdownButton */ = {
			isa = PBXGroup;
			children = (
				063911EC1CB4E6800020625C /* DTTCountdownButton.h */,
				063911ED1CB4E6800020625C /* DTTCountdownButton.m */,
			);
			path = DTTCountdownButton;
			sourceTree = "<group>";
		};
/* End PBXGroup section */

/* Begin PBXNativeTarget section */
		063911CD1CB4B1E30020625C /* CountDownButtonDemo */ = {
			isa = PBXNativeTarget;
			buildConfigurationList = 063911E51CB4B1E30020625C /* Build configuration list for PBXNativeTarget "CountDownButtonDemo" */;
			buildPhases = (
				063911CA1CB4B1E30020625C /* Sources */,
				063911CB1CB4B1E30020625C /* Frameworks */,
				063911CC1CB4B1E30020625C /* Resources */,
			);
			buildRules = (
			);
			dependencies = (
			);
			name = CountDownButtonDemo;
			productName = CountDownButtonDemo;
			productReference = 063911CE1CB4B1E30020625C /* CountDownButtonDemo.app */;
			productType = "com.apple.product-type.application";
		};
/* End PBXNativeTarget section */

/* Begin PBXProject section */
		063911C61CB4B1E30020625C /* Project object */ = {
			isa = PBXProject;
			attributes = {
				LastUpgradeCheck = 0730;
				ORGANIZATIONNAME = shengzhong;
				TargetAttributes = {
					063911CD1CB4B1E30020625C = {
						CreatedOnToolsVersion = 7.3;
					};
				};
			};
			buildConfigurationList = 063911C91CB4B1E30020625C /* Build configuration list for PBXProject "CountDownButtonDemo" */;
			compatibilityVersion = "Xcode 3.2";
			developmentRegion = English;
			hasScannedForEncodings = 0;
			knownRegions = (
				en,
				Base,
			);
			mainGroup = 063911C51CB4B1E30020625C;
			productRefGroup = 063911CF1CB4B1E30020625C /* Products */;
			projectDirPath = "";
			projectRoot = "";
			targets = (
				063911CD1CB4B1E30020625C /* CountDownButtonDemo */,
			);
		};
/* End PBXProject section */

/* Begin PBXResourcesBuildPhase section */
		063911CC1CB4B1E30020625C /* Resources */ = {
			isa = PBXResourcesBuildPhase;
			buildActionMask = 2147483647;
			files = (
				063911E11CB4B1E30020625C /* LaunchScreen.storyboard in Resources */,
				063911DE1CB4B1E30020625C /* Assets.xcassets in Resources */,
			);
			runOnlyForDeploymentPostprocessing = 0;
		};
/* End PBXResourcesBuildPhase section */

/* Begin PBXSourcesBuildPhase section */
		063911CA1CB4B1E30020625C /* Sources */ = {
			isa = PBXSourcesBuildPhase;
			buildActionMask = 2147483647;
			files = (
				063911EE1CB4E6800020625C /* DTTCountdownButton.m in Sources */,
				063911D91CB4B1E30020625C /* ViewController.m in Sources */,
				063911D61CB4B1E30020625C /* AppDelegate.m in Sources */,
				063911D31CB4B1E30020625C /* main.m in Sources */,
			);
			runOnlyForDeploymentPostprocessing = 0;
		};
/* End PBXSourcesBuildPhase section */

/* Begin PBXVariantGroup section */
		063911DF1CB4B1E30020625C /* LaunchScreen.storyboard */ = {
			isa = PBXVariantGroup;
			children = (
				063911E01CB4B1E30020625C /* Base */,
			);
			name = LaunchScreen.storyboard;
			sourceTree = "<group>";
		};
/* End PBXVariantGroup section */

/* Begin XCBuildConfiguration section */
		063911E31CB4B1E30020625C /* Debug */ = {
			isa = XCBuildConfiguration;
			buildSettings = {
				ALWAYS_SEARCH_USER_PATHS = NO;
				CLANG_ANALYZER_NONNULL = YES;
				CLANG_CXX_LANGUAGE_STANDARD = "gnu++0x";
				CLANG_CXX_LIBRARY = "libc++";
				CLANG_ENABLE_MODULES = YES;
				CLANG_ENABLE_OBJC_ARC = YES;
				CLANG_WARN_BOOL_CONVERSION = YES;
				CLANG_WARN_CONSTANT_CONVERSION = YES;
				CLANG_WARN_DIRECT_OBJC_ISA_USAGE = YES_ERROR;
				CLANG_WARN_EMPTY_BODY = YES;
				CLANG_WARN_ENUM_CONVERSION = YES;
				CLANG_WARN_INT_CONVERSION = YES;
				CLANG_WARN_OBJC_ROOT_CLASS = YES_ERROR;
				CLANG_WARN_UNREACHABLE_CODE = YES;
				CLANG_WARN__DUPLICATE_METHOD_MATCH = YES;
				"CODE_SIGN_IDENTITY[sdk=iphoneos*]" = "iPhone Developer";
				COPY_PHASE_STRIP = NO;
				DEBUG_INFORMATION_FORMAT = dwarf;
				ENABLE_STRICT_OBJC_MSGSEND = YES;
				ENABLE_TESTABILITY = YES;
				GCC_C_LANGUAGE_STANDARD = gnu99;
				GCC_DYNAMIC_NO_PIC = NO;
				GCC_NO_COMMON_BLOCKS = YES;
				GCC_OPTIMIZATION_LEVEL = 0;
				GCC_PREPROCESSOR_DEFINITIONS = (
					"DEBUG=1",
					"$(inherited)",
				);
				GCC_WARN_64_TO_32_BIT_CONVERSION = YES;
				GCC_WARN_ABOUT_RETURN_TYPE = YES_ERROR;
				GCC_WARN_UNDECLARED_SELECTOR = YES;
				GCC_WARN_UNINITIALIZED_AUTOS = YES_AGGRESSIVE;
				GCC_WARN_UNUSED_FUNCTION = YES;
				GCC_WARN_UNUSED_VARIABLE = YES;
				IPHONEOS_DEPLOYMENT_TARGET = 9.3;
				MTL_ENABLE_DEBUG_INFO = YES;
				ONLY_ACTIVE_ARCH = YES;
				SDKROOT = iphoneos;
			};
			name = Debug;
		};
		063911E41CB4B1E30020625C /* Release */ = {
			isa = XCBuildConfiguration;
			buildSettings = {
				ALWAYS_SEARCH_USER_PATHS = NO;
				CLANG_ANALYZER_NONNULL = YES;
				CLANG_CXX_LANGUAGE_STANDARD = "gnu++0x";
				CLANG_CXX_LIBRARY = "libc++";
				CLANG_ENABLE_MODULES = YES;
				CLANG_ENABLE_OBJC_ARC = YES;
				CLANG_WARN_BOOL_CONVERSION = YES;
				CLANG_WARN_CONSTANT_CONVERSION = YES;
				CLANG_WARN_DIRECT_OBJC_ISA_USAGE = YES_ERROR;
				CLANG_WARN_EMPTY_BODY = YES;
				CLANG_WARN_ENUM_CONVERSION = YES;
				CLANG_WARN_INT_CONVERSION = YES;
				CLANG_WARN_OBJC_ROOT_CLASS = YES_ERROR;
				CLANG_WARN_UNREACHABLE_CODE = YES;
				CLANG_WARN__DUPLICATE_METHOD_MATCH = YES;
				"CODE_SIGN_IDENTITY[sdk=iphoneos*]" = "iPhone Developer";
				COPY_PHASE_STRIP = NO;
				DEBUG_INFORMATION_FORMAT = "dwarf-with-dsym";
				ENABLE_NS_ASSERTIONS = NO;
				ENABLE_STRICT_OBJC_MSGSEND = YES;
				GCC_C_LANGUAGE_STANDARD = gnu99;
				GCC_NO_COMMON_BLOCKS = YES;
				GCC_WARN_64_TO_32_BIT_CONVERSION = YES;
				GCC_WARN_ABOUT_RETURN_TYPE = YES_ERROR;
				GCC_WARN_UNDECLARED_SELECTOR = YES;
				GCC_WARN_UNINITIALIZED_AUTOS = YES_AGGRESSIVE;
				GCC_WARN_UNUSED_FUNCTION = YES;
				GCC_WARN_UNUSED_VARIABLE = YES;
				IPHONEOS_DEPLOYMENT_TARGET = 9.3;
				MTL_ENABLE_DEBUG_INFO = NO;
				SDKROOT = iphoneos;
				VALIDATE_PRODUCT = YES;
			};
			name = Release;
		};
		063911E61CB4B1E30020625C /* Debug */ = {
			isa = XCBuildConfiguration;
			buildSettings = {
				ASSETCATALOG_COMPILER_APPICON_NAME = AppIcon;
				INFOPLIST_FILE = CountDownButtonDemo/Info.plist;
				LD_RUNPATH_SEARCH_PATHS = "$(inherited) @executable_path/Frameworks";
				PRODUCT_BUNDLE_IDENTIFIER = com.shengzhong.CountDownButtonDemo;
				PRODUCT_NAME = "$(TARGET_NAME)";
			};
			name = Debug;
		};
		063911E71CB4B1E30020625C /* Release */ = {
			isa = XCBuildConfiguration;
			buildSettings = {
				ASSETCATALOG_COMPILER_APPICON_NAME = AppIcon;
				INFOPLIST_FILE = CountDownButtonDemo/Info.plist;
				LD_RUNPATH_SEARCH_PATHS = "$(inherited) @executable_path/Frameworks";
				PRODUCT_BUNDLE_IDENTIFIER = com.shengzhong.CountDownButtonDemo;
				PRODUCT_NAME = "$(TARGET_NAME)";
			};
			name = Release;
		};
/* End XCBuildConfiguration section */

/* Begin XCConfigurationList section */
		063911C91CB4B1E30020625C /* Build configuration list for PBXProject "CountDownButtonDemo" */ = {
			isa = XCConfigurationList;
			buildConfigurations = (
				063911E31CB4B1E30020625C /* Debug */,
				063911E41CB4B1E30020625C /* Release */,
			);
			defaultConfigurationIsVisible = 0;
			defaultConfigurationName = Release;
		};
		063911E51CB4B1E30020625C /* Build configuration list for PBXNativeTarget "CountDownButtonDemo" */ = {
			isa = XCConfigurationList;
			buildConfigurations = (
				063911E61CB4B1E30020625C /* Debug */,
				063911E71CB4B1E30020625C /* Release */,
			);
			defaultConfigurationIsVisible = 0;
		};
/* End XCConfigurationList section */
	};
	rootObject = 063911C61CB4B1E30020625C /* Project object */;
}
